
Microsoft Visual Studio Solution File, Format Version 12.00
# Visual Studio 2012
Project("{8BC9CEB8-8B4A-11D0-8D11-00A0C91BC942}") = "testerHarness", "testerHarness.vcxproj", "{C489F802-6CC4-4008-8C06-B5BC84674485}"
EndProject
Global
	GlobalSection(SolutionConfigurationPlatforms) = preSolution
		Debug|Win32 = Debug|Win32
		Release|Win32 = Release|Win32
	EndGlobalSection
	GlobalSection(ProjectConfigurationPlatforms) = postSolution
		{C489F802-6CC4-4008-8C06-B5BC84674485}.Debug|Win32.ActiveCfg = Debug|Win32
		{C489F802-6CC4-4008-8C06-B5BC84674485}.Debug|Win32.Build.0 = Debug|Win32
		{C489F802-6CC4-4008-8C06-B5BC84674485}.Release|Win32.ActiveCfg = Release|Win32
		{C489F802-6CC4-4008-8C06-B5BC84674485}.Release|Win32.Build.0 = Release|Win32
	EndGlobalSection
	GlobalSection(SolutionProperties) = preSolution
		HideSolutionNode = FALSE
	EndGlobalSection
EndGlobal
